
Microsoft Visual Studio Solution File, Format Version 12.00
# Visual Studio Version 17
VisualStudioVersion = 17.8.34309.116
MinimumVisualStudioVersion = 10.0.40219.1
Project("{FAE04EC0-301F-11D3-BF4B-00C04F79EFBC}") = "WFAErrorHandling_3", "WFAErrorHandling_3\WFAErrorHandling_3.csproj", "{375CC37D-48EC-4F37-882C-0D3930F838E8}"
EndProject
Global
	GlobalSection(SolutionConfigurationPlatforms) = preSolution
		Debug|Any CPU = Debug|Any CPU
		Release|Any CPU = Release|Any CPU
	EndGlobalSection
	GlobalSection(ProjectConfigurationPlatforms) = postSolution
		{375CC37D-48EC-4F37-882C-0D3930F838E8}.Debug|Any CPU.ActiveCfg = Debug|Any CPU
		{375CC37D-48EC-4F37-882C-0D3930F838E8}.Debug|Any CPU.Build.0 = Debug|Any CPU
		{375CC37D-48EC-4F37-882C-0D3930F838E8}.Release|Any CPU.ActiveCfg = Release|Any CPU
		{375CC37D-48EC-4F37-882C-0D3930F838E8}.Release|Any CPU.Build.0 = Release|Any CPU
	EndGlobalSection
	GlobalSection(SolutionProperties) = preSolution
		HideSolutionNode = FALSE
	EndGlobalSection
	GlobalSection(ExtensibilityGlobals) = postSolution
		SolutionGuid = {3B4518D0-21D8-4ADF-973A-FB3F381E21FB}
	EndGlobalSection
EndGlobal
